PODS:
  - GoogleFontsiOS/ABeeZee (0.1):
    - GoogleFontsiOS/Core
  - GoogleFontsiOS/Core (0.1)

DEPENDENCIES:
  - GoogleFontsiOS/ABeeZee (from `../`)

EXTERNAL SOURCES:
  GoogleFontsiOS:
    :path: "../"

SPEC CHECKSUMS:
  GoogleFontsiOS: 84a4ebc259691f0c237e14820d70388fc6567ad9

COCOAPODS: 0.38.2
