PODS:
  - GoogleFontsiOS/ABeeZee (0.0.1):
    - GoogleFontsiOS/Core
  - GoogleFontsiOS/Core (0.0.1)

DEPENDENCIES:
  - GoogleFontsiOS/ABeeZee (from `../`)

EXTERNAL SOURCES:
  GoogleFontsiOS:
    :path: "../"

SPEC CHECKSUMS:
  GoogleFontsiOS: fc114a7d02c20878fce62d81b598ec7d66454b39

COCOAPODS: 0.38.2
