// !$*UTF8*$!
{
	archiveVersion = 1;
	classes = {
	};
	objectVersion = 46;
	objects = {

/* Begin PBXBuildFile section */
		473B89E31B19E5C1009658C0 /* main.m in Sources */ = {isa = PBXBuildFile; fileRef = 473B89E21B19E5C1009658C0 /* main.m */; };
		473B89E61B19E5C1009658C0 /* AppDelegate.m in Sources */ = {isa = PBXBuildFile; fileRef = 473B89E51B19E5C1009658C0 /* AppDelegate.m */; };
		473B89E91B19E5C1009658C0 /* ViewController.m in Sources */ = {isa = PBXBuildFile; fileRef = 473B89E81B19E5C1009658C0 /* ViewController.m */; };
		473B89EC1B19E5C1009658C0 /* Main.storyboard in Resources */ = {isa = PBXBuildFile; fileRef = 473B89EA1B19E5C1009658C0 /* Main.storyboard */; };
		473B89EE1B19E5C1009658C0 /* Images.xcassets in Resources */ = {isa = PBXBuildFile; fileRef = 473B89ED1B19E5C1009658C0 /* Images.xcassets */; };
		473B89F11B19E5C1009658C0 /* LaunchScreen.xib in Resources */ = {isa = PBXBuildFile; fileRef = 473B89EF1B19E5C1009658C0 /* LaunchScreen.xib */; };
		473B89FD1B19E5C1009658C0 /* GoogleFontsiOSTests.m in Sources */ = {isa = PBXBuildFile; fileRef = 473B89FC1B19E5C1009658C0 /* GoogleFontsiOSTests.m */; };
/* End PBXBuildFile section */

/* Begin PBXContainerItemProxy section */
		473B89F71B19E5C1009658C0 /* PBXContainerItemProxy */ = {
			isa = PBXContainerItemProxy;
			containerPortal = 473B89D51B19E5C1009658C0 /* Project object */;
			proxyType = 1;
			remoteGlobalIDString = 473B89DC1B19E5C1009658C0;
			remoteInfo = GoogleFontsiOS;
		};
/* End PBXContainerItemProxy section */

/* Begin PBXFileReference section */
		473B89DD1B19E5C1009658C0 /* GoogleFontsiOS.app */ = {isa = PBXFileReference; explicitFileType = wrapper.application; includeInIndex = 0; path = GoogleFontsiOS.app; sourceTree = BUILT_PRODUCTS_DIR; };
		473B89E11B19E5C1009658C0 /* Info.plist */ = {isa = PBXFileReference; lastKnownFileType = text.plist.xml; path = Info.plist; sourceTree = "<group>"; };
		473B89E21B19E5C1009658C0 /* main.m */ = {isa = PBXFileReference; lastKnownFileType = sourcecode.c.objc; path = main.m; sourceTree = "<group>"; };
		473B89E41B19E5C1009658C0 /* AppDelegate.h */ = {isa = PBXFileReference; lastKnownFileType = sourcecode.c.h; path = AppDelegate.h; sourceTree = "<group>"; };
		473B89E51B19E5C1009658C0 /* AppDelegate.m */ = {isa = PBXFileReference; lastKnownFileType = sourcecode.c.objc; path = AppDelegate.m; sourceTree = "<group>"; };
		473B89E71B19E5C1009658C0 /* ViewController.h */ = {isa = PBXFileReference; lastKnownFileType = sourcecode.c.h; path = ViewController.h; sourceTree = "<group>"; };
		473B89E81B19E5C1009658C0 /* ViewController.m */ = {isa = PBXFileReference; lastKnownFileType = sourcecode.c.objc; path = ViewController.m; sourceTree = "<group>"; };
		473B89EB1B19E5C1009658C0 /* Base */ = {isa = PBXFileReference; lastKnownFileType = file.storyboard; name = Base; path = Base.lproj/Main.storyboard; sourceTree = "<group>"; };
		473B89ED1B19E5C1009658C0 /* Images.xcassets */ = {isa = PBXFileReference; lastKnownFileType = folder.assetcatalog; path = Images.xcassets; sourceTree = "<group>"; };
		473B89F01B19E5C1009658C0 /* Base */ = {isa = PBXFileReference; lastKnownFileType = file.xib; name = Base; path = Base.lproj/LaunchScreen.xib; sourceTree = "<group>"; };
		473B89F61B19E5C1009658C0 /* GoogleFontsiOSTests.xctest */ = {isa = PBXFileReference; explicitFileType = wrapper.cfbundle; includeInIndex = 0; path = GoogleFontsiOSTests.xctest; sourceTree = BUILT_PRODUCTS_DIR; };
		473B89FB1B19E5C1009658C0 /* Info.plist */ = {isa = PBXFileReference; lastKnownFileType = text.plist.xml; path = Info.plist; sourceTree = "<group>"; };
		473B89FC1B19E5C1009658C0 /* GoogleFontsiOSTests.m */ = {isa = PBXFileReference; lastKnownFileType = sourcecode.c.objc; path = GoogleFontsiOSTests.m; sourceTree = "<group>"; };
/* End PBXFileReference section */

/* Begin PBXFrameworksBuildPhase section */
		473B89DA1B19E5C1009658C0 /* Frameworks */ = {
			isa = PBXFrameworksBuildPhase;
			buildActionMask = 2147483647;
			files = (
			);
			runOnlyForDeploymentPostprocessing = 0;
		};
		473B89F31B19E5C1009658C0 /* Frameworks */ = {
			isa = PBXFrameworksBuildPhase;
			buildActionMask = 2147483647;
			files = (
			);
			runOnlyForDeploymentPostprocessing = 0;
		};
/* End PBXFrameworksBuildPhase section */

/* Begin PBXGroup section */
		473B89D41B19E5C1009658C0 = {
			isa = PBXGroup;
			children = (
				473B89DF1B19E5C1009658C0 /* GoogleFontsiOS */,
				473B89F91B19E5C1009658C0 /* GoogleFontsiOSTests */,
				473B89DE1B19E5C1009658C0 /* Products */,
			);
			sourceTree = "<group>";
		};
		473B89DE1B19E5C1009658C0 /* Products */ = {
			isa = PBXGroup;
			children = (
				473B89DD1B19E5C1009658C0 /* GoogleFontsiOS.app */,
				473B89F61B19E5C1009658C0 /* GoogleFontsiOSTests.xctest */,
			);
			name = Products;
			sourceTree = "<group>";
		};
		473B89DF1B19E5C1009658C0 /* GoogleFontsiOS */ = {
			isa = PBXGroup;
			children = (
				473B89E41B19E5C1009658C0 /* AppDelegate.h */,
				473B89E51B19E5C1009658C0 /* AppDelegate.m */,
				473B89E71B19E5C1009658C0 /* ViewController.h */,
				473B89E81B19E5C1009658C0 /* ViewController.m */,
				473B89EA1B19E5C1009658C0 /* Main.storyboard */,
				473B89ED1B19E5C1009658C0 /* Images.xcassets */,
				473B89EF1B19E5C1009658C0 /* LaunchScreen.xib */,
				473B89E01B19E5C1009658C0 /* Supporting Files */,
			);
			path = GoogleFontsiOS;
			sourceTree = "<group>";
		};
		473B89E01B19E5C1009658C0 /* Supporting Files */ = {
			isa = PBXGroup;
			children = (
				473B89E11B19E5C1009658C0 /* Info.plist */,
				473B89E21B19E5C1009658C0 /* main.m */,
			);
			name = "Supporting Files";
			sourceTree = "<group>";
		};
		473B89F91B19E5C1009658C0 /* GoogleFontsiOSTests */ = {
			isa = PBXGroup;
			children = (
				473B89FC1B19E5C1009658C0 /* GoogleFontsiOSTests.m */,
				473B89FA1B19E5C1009658C0 /* Supporting Files */,
			);
			path = GoogleFontsiOSTests;
			sourceTree = "<group>";
		};
		473B89FA1B19E5C1009658C0 /* Supporting Files */ = {
			isa = PBXGroup;
			children = (
				473B89FB1B19E5C1009658C0 /* Info.plist */,
			);
			name = "Supporting Files";
			sourceTree = "<group>";
		};
/* End PBXGroup section */

/* Begin PBXNativeTarget section */
		473B89DC1B19E5C1009658C0 /* GoogleFontsiOS */ = {
			isa = PBXNativeTarget;
			buildConfigurationList = 473B8A001B19E5C1009658C0 /* Build configuration list for PBXNativeTarget "GoogleFontsiOS" */;
			buildPhases = (
				473B89D91B19E5C1009658C0 /* Sources */,
				473B89DA1B19E5C1009658C0 /* Frameworks */,
				473B89DB1B19E5C1009658C0 /* Resources */,
			);
			buildRules = (
			);
			dependencies = (
			);
			name = GoogleFontsiOS;
			productName = GoogleFontsiOS;
			productReference = 473B89DD1B19E5C1009658C0 /* GoogleFontsiOS.app */;
			productType = "com.apple.product-type.application";
		};
		473B89F51B19E5C1009658C0 /* GoogleFontsiOSTests */ = {
			isa = PBXNativeTarget;
			buildConfigurationList = 473B8A031B19E5C1009658C0 /* Build configuration list for PBXNativeTarget "GoogleFontsiOSTests" */;
			buildPhases = (
				473B89F21B19E5C1009658C0 /* Sources */,
				473B89F31B19E5C1009658C0 /* Frameworks */,
				473B89F41B19E5C1009658C0 /* Resources */,
			);
			buildRules = (
			);
			dependencies = (
				473B89F81B19E5C1009658C0 /* PBXTargetDependency */,
			);
			name = GoogleFontsiOSTests;
			productName = GoogleFontsiOSTests;
			productReference = 473B89F61B19E5C1009658C0 /* GoogleFontsiOSTests.xctest */;
			productType = "com.apple.product-type.bundle.unit-test";
		};
/* End PBXNativeTarget section */

/* Begin PBXProject section */
		473B89D51B19E5C1009658C0 /* Project object */ = {
			isa = PBXProject;
			attributes = {
				LastUpgradeCheck = 0630;
				ORGANIZATIONNAME = "yohei okada";
				TargetAttributes = {
					473B89DC1B19E5C1009658C0 = {
						CreatedOnToolsVersion = 6.3.2;
					};
					473B89F51B19E5C1009658C0 = {
						CreatedOnToolsVersion = 6.3.2;
						TestTargetID = 473B89DC1B19E5C1009658C0;
					};
				};
			};
			buildConfigurationList = 473B89D81B19E5C1009658C0 /* Build configuration list for PBXProject "GoogleFontsiOS" */;
			compatibilityVersion = "Xcode 3.2";
			developmentRegion = English;
			hasScannedForEncodings = 0;
			knownRegions = (
				en,
				Base,
			);
			mainGroup = 473B89D41B19E5C1009658C0;
			productRefGroup = 473B89DE1B19E5C1009658C0 /* Products */;
			projectDirPath = "";
			projectRoot = "";
			targets = (
				473B89DC1B19E5C1009658C0 /* GoogleFontsiOS */,
				473B89F51B19E5C1009658C0 /* GoogleFontsiOSTests */,
			);
		};
/* End PBXProject section */

/* Begin PBXResourcesBuildPhase section */
		473B89DB1B19E5C1009658C0 /* Resources */ = {
			isa = PBXResourcesBuildPhase;
			buildActionMask = 2147483647;
			files = (
				473B89EC1B19E5C1009658C0 /* Main.storyboard in Resources */,
				473B89F11B19E5C1009658C0 /* LaunchScreen.xib in Resources */,
				473B89EE1B19E5C1009658C0 /* Images.xcassets in Resources */,
			);
			runOnlyForDeploymentPostprocessing = 0;
		};
		473B89F41B19E5C1009658C0 /* Resources */ = {
			isa = PBXResourcesBuildPhase;
			buildActionMask = 2147483647;
			files = (
			);
			runOnlyForDeploymentPostprocessing = 0;
		};
/* End PBXResourcesBuildPhase section */

/* Begin PBXSourcesBuildPhase section */
		473B89D91B19E5C1009658C0 /* Sources */ = {
			isa = PBXSourcesBuildPhase;
			buildActionMask = 2147483647;
			files = (
				473B89E91B19E5C1009658C0 /* ViewController.m in Sources */,
				473B89E61B19E5C1009658C0 /* AppDelegate.m in Sources */,
				473B89E31B19E5C1009658C0 /* main.m in Sources */,
			);
			runOnlyForDeploymentPostprocessing = 0;
		};
		473B89F21B19E5C1009658C0 /* Sources */ = {
			isa = PBXSourcesBuildPhase;
			buildActionMask = 2147483647;
			files = (
				473B89FD1B19E5C1009658C0 /* GoogleFontsiOSTests.m in Sources */,
			);
			runOnlyForDeploymentPostprocessing = 0;
		};
/* End PBXSourcesBuildPhase section */

/* Begin PBXTargetDependency section */
		473B89F81B19E5C1009658C0 /* PBXTargetDependency */ = {
			isa = PBXTargetDependency;
			target = 473B89DC1B19E5C1009658C0 /* GoogleFontsiOS */;
			targetProxy = 473B89F71B19E5C1009658C0 /* PBXContainerItemProxy */;
		};
/* End PBXTargetDependency section */

/* Begin PBXVariantGroup section */
		473B89EA1B19E5C1009658C0 /* Main.storyboard */ = {
			isa = PBXVariantGroup;
			children = (
				473B89EB1B19E5C1009658C0 /* Base */,
			);
			name = Main.storyboard;
			sourceTree = "<group>";
		};
		473B89EF1B19E5C1009658C0 /* LaunchScreen.xib */ = {
			isa = PBXVariantGroup;
			children = (
				473B89F01B19E5C1009658C0 /* Base */,
			);
			name = LaunchScreen.xib;
			sourceTree = "<group>";
		};
/* End PBXVariantGroup section */

/* Begin XCBuildConfiguration section */
		473B89FE1B19E5C1009658C0 /* Debug */ = {
			isa = XCBuildConfiguration;
			buildSettings = {
				ALWAYS_SEARCH_USER_PATHS = NO;
				CLANG_CXX_LANGUAGE_STANDARD = "gnu++0x";
				CLANG_CXX_LIBRARY = "libc++";
				CLANG_ENABLE_MODULES = YES;
				CLANG_ENABLE_OBJC_ARC = YES;
				CLANG_WARN_BOOL_CONVERSION = YES;
				CLANG_WARN_CONSTANT_CONVERSION = YES;
				CLANG_WARN_DIRECT_OBJC_ISA_USAGE = YES_ERROR;
				CLANG_WARN_EMPTY_BODY = YES;
				CLANG_WARN_ENUM_CONVERSION = YES;
				CLANG_WARN_INT_CONVERSION = YES;
				CLANG_WARN_OBJC_ROOT_CLASS = YES_ERROR;
				CLANG_WARN_UNREACHABLE_CODE = YES;
				CLANG_WARN__DUPLICATE_METHOD_MATCH = YES;
				"CODE_SIGN_IDENTITY[sdk=iphoneos*]" = "iPhone Developer";
				COPY_PHASE_STRIP = NO;
				DEBUG_INFORMATION_FORMAT = "dwarf-with-dsym";
				ENABLE_STRICT_OBJC_MSGSEND = YES;
				GCC_C_LANGUAGE_STANDARD = gnu99;
				GCC_DYNAMIC_NO_PIC = NO;
				GCC_NO_COMMON_BLOCKS = YES;
				GCC_OPTIMIZATION_LEVEL = 0;
				GCC_PREPROCESSOR_DEFINITIONS = (
					"DEBUG=1",
					"$(inherited)",
				);
				GCC_SYMBOLS_PRIVATE_EXTERN = NO;
				GCC_WARN_64_TO_32_BIT_CONVERSION = YES;
				GCC_WARN_ABOUT_RETURN_TYPE = YES_ERROR;
				GCC_WARN_UNDECLARED_SELECTOR = YES;
				GCC_WARN_UNINITIALIZED_AUTOS = YES_AGGRESSIVE;
				GCC_WARN_UNUSED_FUNCTION = YES;
				GCC_WARN_UNUSED_VARIABLE = YES;
				IPHONEOS_DEPLOYMENT_TARGET = 8.3;
				MTL_ENABLE_DEBUG_INFO = YES;
				ONLY_ACTIVE_ARCH = YES;
				SDKROOT = iphoneos;
				TARGETED_DEVICE_FAMILY = "1,2";
			};
			name = Debug;
		};
		473B89FF1B19E5C1009658C0 /* Release */ = {
			isa = XCBuildConfiguration;
			buildSettings = {
				ALWAYS_SEARCH_USER_PATHS = NO;
				CLANG_CXX_LANGUAGE_STANDARD = "gnu++0x";
				CLANG_CXX_LIBRARY = "libc++";
				CLANG_ENABLE_MODULES = YES;
				CLANG_ENABLE_OBJC_ARC = YES;
				CLANG_WARN_BOOL_CONVERSION = YES;
				CLANG_WARN_CONSTANT_CONVERSION = YES;
				CLANG_WARN_DIRECT_OBJC_ISA_USAGE = YES_ERROR;
				CLANG_WARN_EMPTY_BODY = YES;
				CLANG_WARN_ENUM_CONVERSION = YES;
				CLANG_WARN_INT_CONVERSION = YES;
				CLANG_WARN_OBJC_ROOT_CLASS = YES_ERROR;
				CLANG_WARN_UNREACHABLE_CODE = YES;
				CLANG_WARN__DUPLICATE_METHOD_MATCH = YES;
				"CODE_SIGN_IDENTITY[sdk=iphoneos*]" = "iPhone Developer";
				COPY_PHASE_STRIP = NO;
				DEBUG_INFORMATION_FORMAT = "dwarf-with-dsym";
				ENABLE_NS_ASSERTIONS = NO;
				ENABLE_STRICT_OBJC_MSGSEND = YES;
				GCC_C_LANGUAGE_STANDARD = gnu99;
				GCC_NO_COMMON_BLOCKS = YES;
				GCC_WARN_64_TO_32_BIT_CONVERSION = YES;
				GCC_WARN_ABOUT_RETURN_TYPE = YES_ERROR;
				GCC_WARN_UNDECLARED_SELECTOR = YES;
				GCC_WARN_UNINITIALIZED_AUTOS = YES_AGGRESSIVE;
				GCC_WARN_UNUSED_FUNCTION = YES;
				GCC_WARN_UNUSED_VARIABLE = YES;
				IPHONEOS_DEPLOYMENT_TARGET = 8.3;
				MTL_ENABLE_DEBUG_INFO = NO;
				SDKROOT = iphoneos;
				TARGETED_DEVICE_FAMILY = "1,2";
				VALIDATE_PRODUCT = YES;
			};
			name = Release;
		};
		473B8A011B19E5C1009658C0 /* Debug */ = {
			isa = XCBuildConfiguration;
			buildSettings = {
				ASSETCATALOG_COMPILER_APPICON_NAME = AppIcon;
				INFOPLIST_FILE = GoogleFontsiOS/Info.plist;
				LD_RUNPATH_SEARCH_PATHS = "$(inherited) @executable_path/Frameworks";
				PRODUCT_NAME = "$(TARGET_NAME)";
			};
			name = Debug;
		};
		473B8A021B19E5C1009658C0 /* Release */ = {
			isa = XCBuildConfiguration;
			buildSettings = {
				ASSETCATALOG_COMPILER_APPICON_NAME = AppIcon;
				INFOPLIST_FILE = GoogleFontsiOS/Info.plist;
				LD_RUNPATH_SEARCH_PATHS = "$(inherited) @executable_path/Frameworks";
				PRODUCT_NAME = "$(TARGET_NAME)";
			};
			name = Release;
		};
		473B8A041B19E5C1009658C0 /* Debug */ = {
			isa = XCBuildConfiguration;
			buildSettings = {
				BUNDLE_LOADER = "$(TEST_HOST)";
				FRAMEWORK_SEARCH_PATHS = (
					"$(SDKROOT)/Developer/Library/Frameworks",
					"$(inherited)",
				);
				GCC_PREPROCESSOR_DEFINITIONS = (
					"DEBUG=1",
					"$(inherited)",
				);
				INFOPLIST_FILE = GoogleFontsiOSTests/Info.plist;
				LD_RUNPATH_SEARCH_PATHS = "$(inherited) @executable_path/Frameworks @loader_path/Frameworks";
				PRODUCT_NAME = "$(TARGET_NAME)";
				TEST_HOST = "$(BUILT_PRODUCTS_DIR)/GoogleFontsiOS.app/GoogleFontsiOS";
			};
			name = Debug;
		};
		473B8A051B19E5C1009658C0 /* Release */ = {
			isa = XCBuildConfiguration;
			buildSettings = {
				BUNDLE_LOADER = "$(TEST_HOST)";
				FRAMEWORK_SEARCH_PATHS = (
					"$(SDKROOT)/Developer/Library/Frameworks",
					"$(inherited)",
				);
				INFOPLIST_FILE = GoogleFontsiOSTests/Info.plist;
				LD_RUNPATH_SEARCH_PATHS = "$(inherited) @executable_path/Frameworks @loader_path/Frameworks";
				PRODUCT_NAME = "$(TARGET_NAME)";
				TEST_HOST = "$(BUILT_PRODUCTS_DIR)/GoogleFontsiOS.app/GoogleFontsiOS";
			};
			name = Release;
		};
/* End XCBuildConfiguration section */

/* Begin XCConfigurationList section */
		473B89D81B19E5C1009658C0 /* Build configuration list for PBXProject "GoogleFontsiOS" */ = {
			isa = XCConfigurationList;
			buildConfigurations = (
				473B89FE1B19E5C1009658C0 /* Debug */,
				473B89FF1B19E5C1009658C0 /* Release */,
			);
			defaultConfigurationIsVisible = 0;
			defaultConfigurationName = Release;
		};
		473B8A001B19E5C1009658C0 /* Build configuration list for PBXNativeTarget "GoogleFontsiOS" */ = {
			isa = XCConfigurationList;
			buildConfigurations = (
				473B8A011B19E5C1009658C0 /* Debug */,
				473B8A021B19E5C1009658C0 /* Release */,
			);
			defaultConfigurationIsVisible = 0;
		};
		473B8A031B19E5C1009658C0 /* Build configuration list for PBXNativeTarget "GoogleFontsiOSTests" */ = {
			isa = XCConfigurationList;
			buildConfigurations = (
				473B8A041B19E5C1009658C0 /* Debug */,
				473B8A051B19E5C1009658C0 /* Release */,
			);
			defaultConfigurationIsVisible = 0;
		};
/* End XCConfigurationList section */
	};
	rootObject = 473B89D51B19E5C1009658C0 /* Project object */;
}
